{
    "name": "colorshell",
    "version": "2.0.5",
    "lockfileVersion": 3,
    "requires": true,
    "packages": {
        "": {
            "name": "colorshell",
            "version": "2.0.5",
            "devDependencies": {
                "ags": "file:/usr/share/ags/js",
                "fuse.js": "^7.1.0",
                "gnim-utils": "github:retrozinndev/gnim-utils"
            }
        },
        "../../../../../../usr/share/ags/js": {
            "name": "ags",
            "version": "3.1.0",
            "dev": true,
            "license": "LGPL-2.1",
            "os": [
                "linux"
            ],
            "devDependencies": {
                "@eslint/js": "latest",
                "eslint": "^9.39.1",
                "typescript": "^5.9.3",
                "typescript-eslint": "^8.48.0"
            },
            "engines": {
                "gjs": ">=1.79.0"
            },
            "funding": {
                "type": "kofi",
                "url": "https://ko-fi.com/aylur"
            },
            "peerDependencies": {
                "gnim": "^1.9.0"
            }
        },
        "node_modules/ags": {
            "resolved": "../../../../../../usr/share/ags/js",
            "link": true
        },
        "node_modules/fuse.js": {
            "version": "7.1.0",
            "resolved": "https://registry.npmjs.org/fuse.js/-/fuse.js-7.1.0.tgz",
            "integrity": "sha512-trLf4SzuuUxfusZADLINj+dE8clK1frKdmqiJNb1Es75fmI5oY6X2mxLVUciLLjxqw/xr72Dhy+lER6dGd02FQ==",
            "dev": true,
            "license": "Apache-2.0",
            "engines": {
                "node": ">=10"
            }
        },
        "node_modules/gnim": {
            "version": "1.9.0",
            "resolved": "https://registry.npmjs.org/gnim/-/gnim-1.9.0.tgz",
            "integrity": "sha512-ubtl+BkcHFYImLQN/dg7XtM6VpOMZy1KlXOF+W/QlBVFG+c07lf+hC+bAkPqkyLwL1YUEIoLtk7iXlIuhbOYPA==",
            "dev": true,
            "license": "MIT",
            "peer": true,
            "engines": {
                "gjs": ">=1.79.0"
            },
            "funding": {
                "type": "kofi",
                "url": "https://ko-fi.com/aylur"
            }
        },
        "node_modules/gnim-utils": {
            "version": "1.0.0",
            "resolved": "git+ssh://git@github.com/retrozinndev/gnim-utils.git#3c3b9ac6209b47e1efb2ac219acab938e8d97426",
            "dev": true,
            "license": "MIT",
            "peerDependencies": {
                "gnim": "^1.8.2"
            }
        }
    }
}
